
Microsoft Visual Studio Solution File, Format Version 12.00
# Visual Studio Version 16
VisualStudioVersion = 16.0.30204.135
MinimumVisualStudioVersion = 15.0.26124.0
Project("{9A19103F-16F7-4668-BE54-9A1E7A4F7556}") = "Service.ThermoProcessWorker", "ThermoProcessWorker\Service.ThermoProcessWorker.csproj", "{4F537A43-6E83-4FC6-87F2-4D1C4FBACB67}"
EndProject
Project("{9A19103F-16F7-4668-BE54-9A1E7A4F7556}") = "Service.MessageBusServiceProvider", "MessageBusServiceProvider\Service.MessageBusServiceProvider.csproj", "{A3D8E48F-097E-43C0-A202-FBDDCEEFB393}"
EndProject
Project("{9A19103F-16F7-4668-BE54-9A1E7A4F7556}") = "Service.ThermoDataModel", "ThermoDataModel\Service.ThermoDataModel.csproj", "{B36319C7-35F3-4D70-8EA9-3E9FACBBD271}"
EndProject
Global
	GlobalSection(SolutionConfigurationPlatforms) = preSolution
		Debug|Any CPU = Debug|Any CPU
		Debug|x64 = Debug|x64
		Debug|x86 = Debug|x86
		Release|Any CPU = Release|Any CPU
		Release|x64 = Release|x64
		Release|x86 = Release|x86
	EndGlobalSection
	GlobalSection(ProjectConfigurationPlatforms) = postSolution
		{4F537A43-6E83-4FC6-87F2-4D1C4FBACB67}.Debug|Any CPU.ActiveCfg = Debug|Any CPU
		{4F537A43-6E83-4FC6-87F2-4D1C4FBACB67}.Debug|Any CPU.Build.0 = Debug|Any CPU
		{4F537A43-6E83-4FC6-87F2-4D1C4FBACB67}.Debug|x64.ActiveCfg = Debug|Any CPU
		{4F537A43-6E83-4FC6-87F2-4D1C4FBACB67}.Debug|x64.Build.0 = Debug|Any CPU
		{4F537A43-6E83-4FC6-87F2-4D1C4FBACB67}.Debug|x86.ActiveCfg = Debug|Any CPU
		{4F537A43-6E83-4FC6-87F2-4D1C4FBACB67}.Debug|x86.Build.0 = Debug|Any CPU
		{4F537A43-6E83-4FC6-87F2-4D1C4FBACB67}.Release|Any CPU.ActiveCfg = Release|Any CPU
		{4F537A43-6E83-4FC6-87F2-4D1C4FBACB67}.Release|Any CPU.Build.0 = Release|Any CPU
		{4F537A43-6E83-4FC6-87F2-4D1C4FBACB67}.Release|x64.ActiveCfg = Release|Any CPU
		{4F537A43-6E83-4FC6-87F2-4D1C4FBACB67}.Release|x64.Build.0 = Release|Any CPU
		{4F537A43-6E83-4FC6-87F2-4D1C4FBACB67}.Release|x86.ActiveCfg = Release|Any CPU
		{4F537A43-6E83-4FC6-87F2-4D1C4FBACB67}.Release|x86.Build.0 = Release|Any CPU
		{A3D8E48F-097E-43C0-A202-FBDDCEEFB393}.Debug|Any CPU.ActiveCfg = Debug|Any CPU
		{A3D8E48F-097E-43C0-A202-FBDDCEEFB393}.Debug|Any CPU.Build.0 = Debug|Any CPU
		{A3D8E48F-097E-43C0-A202-FBDDCEEFB393}.Debug|x64.ActiveCfg = Debug|Any CPU
		{A3D8E48F-097E-43C0-A202-FBDDCEEFB393}.Debug|x64.Build.0 = Debug|Any CPU
		{A3D8E48F-097E-43C0-A202-FBDDCEEFB393}.Debug|x86.ActiveCfg = Debug|Any CPU
		{A3D8E48F-097E-43C0-A202-FBDDCEEFB393}.Debug|x86.Build.0 = Debug|Any CPU
		{A3D8E48F-097E-43C0-A202-FBDDCEEFB393}.Release|Any CPU.ActiveCfg = Release|Any CPU
		{A3D8E48F-097E-43C0-A202-FBDDCEEFB393}.Release|Any CPU.Build.0 = Release|Any CPU
		{A3D8E48F-097E-43C0-A202-FBDDCEEFB393}.Release|x64.ActiveCfg = Release|Any CPU
		{A3D8E48F-097E-43C0-A202-FBDDCEEFB393}.Release|x64.Build.0 = Release|Any CPU
		{A3D8E48F-097E-43C0-A202-FBDDCEEFB393}.Release|x86.ActiveCfg = Release|Any CPU
		{A3D8E48F-097E-43C0-A202-FBDDCEEFB393}.Release|x86.Build.0 = Release|Any CPU
		{B36319C7-35F3-4D70-8EA9-3E9FACBBD271}.Debug|Any CPU.ActiveCfg = Debug|Any CPU
		{B36319C7-35F3-4D70-8EA9-3E9FACBBD271}.Debug|Any CPU.Build.0 = Debug|Any CPU
		{B36319C7-35F3-4D70-8EA9-3E9FACBBD271}.Debug|x64.ActiveCfg = Debug|Any CPU
		{B36319C7-35F3-4D70-8EA9-3E9FACBBD271}.Debug|x64.Build.0 = Debug|Any CPU
		{B36319C7-35F3-4D70-8EA9-3E9FACBBD271}.Debug|x86.ActiveCfg = Debug|Any CPU
		{B36319C7-35F3-4D70-8EA9-3E9FACBBD271}.Debug|x86.Build.0 = Debug|Any CPU
		{B36319C7-35F3-4D70-8EA9-3E9FACBBD271}.Release|Any CPU.ActiveCfg = Release|Any CPU
		{B36319C7-35F3-4D70-8EA9-3E9FACBBD271}.Release|Any CPU.Build.0 = Release|Any CPU
		{B36319C7-35F3-4D70-8EA9-3E9FACBBD271}.Release|x64.ActiveCfg = Release|Any CPU
		{B36319C7-35F3-4D70-8EA9-3E9FACBBD271}.Release|x64.Build.0 = Release|Any CPU
		{B36319C7-35F3-4D70-8EA9-3E9FACBBD271}.Release|x86.ActiveCfg = Release|Any CPU
		{B36319C7-35F3-4D70-8EA9-3E9FACBBD271}.Release|x86.Build.0 = Release|Any CPU
	EndGlobalSection
	GlobalSection(SolutionProperties) = preSolution
		HideSolutionNode = FALSE
	EndGlobalSection
	GlobalSection(ExtensibilityGlobals) = postSolution
		SolutionGuid = {DC58B5A7-639C-46C7-803F-6F4F52885B1D}
	EndGlobalSection
EndGlobal
