
Microsoft Visual Studio Solution File, Format Version 12.00
# Visual Studio Version 16
VisualStudioVersion = 16.0.30204.135
MinimumVisualStudioVersion = 15.0.26124.0
Project("{9A19103F-16F7-4668-BE54-9A1E7A4F7556}") = "Service.ThermoProcessWorker", "ThermoProcessWorker\Service.ThermoProcessWorker.csproj", "{4F537A43-6E83-4FC6-87F2-4D1C4FBACB67}"
EndProject
Project("{9A19103F-16F7-4668-BE54-9A1E7A4F7556}") = "Service.MessageBusServiceProvider", "MessageBusServiceProvider\Service.MessageBusServiceProvider.csproj", "{A3D8E48F-097E-43C0-A202-FBDDCEEFB393}"
EndProject
Project("{9A19103F-16F7-4668-BE54-9A1E7A4F7556}") = "Service.ThermoDataModel", "ThermoDataModel\Service.ThermoDataModel.csproj", "{B36319C7-35F3-4D70-8EA9-3E9FACBBD271}"
EndProject
Project("{2150E333-8FDC-42A3-9474-1A3956D46DE8}") = "QueueManagement", "QueueManagement", "{76B7C719-4D40-4F76-B43A-8812F2F9F90E}"
EndProject
Project("{9A19103F-16F7-4668-BE54-9A1E7A4F7556}") = "Service.Queue.Mgmt.ResetQueue", "Service.Queue.Mgmt.ResetQueue\Service.Queue.Mgmt.ResetQueue.csproj", "{170483DC-1690-423C-9782-5D6BBAF3AABC}"
EndProject
Project("{9A19103F-16F7-4668-BE54-9A1E7A4F7556}") = "Service.Queue.Mgmt.Dlq", "Service.Queue.Mgmt.Dlq\Service.Queue.Mgmt.Dlq.csproj", "{8C69C597-4883-47EE-8A54-90CE81CF087F}"
EndProject
Project("{FAE04EC0-301F-11D3-BF4B-00C04F79EFBC}") = "Service.ThermoProcessWorker.UnitTests", "Service.ThermoProcessWorker.UnitTests\Service.ThermoProcessWorker.UnitTests.csproj", "{220C3EB9-DA04-41FC-8778-488BD279BFEF}"
EndProject
Global
	GlobalSection(SolutionConfigurationPlatforms) = preSolution
		Debug|Any CPU = Debug|Any CPU
		Debug|x64 = Debug|x64
		Debug|x86 = Debug|x86
		Release|Any CPU = Release|Any CPU
		Release|x64 = Release|x64
		Release|x86 = Release|x86
	EndGlobalSection
	GlobalSection(ProjectConfigurationPlatforms) = postSolution
		{4F537A43-6E83-4FC6-87F2-4D1C4FBACB67}.Debug|Any CPU.ActiveCfg = Debug|Any CPU
		{4F537A43-6E83-4FC6-87F2-4D1C4FBACB67}.Debug|Any CPU.Build.0 = Debug|Any CPU
		{4F537A43-6E83-4FC6-87F2-4D1C4FBACB67}.Debug|x64.ActiveCfg = Debug|Any CPU
		{4F537A43-6E83-4FC6-87F2-4D1C4FBACB67}.Debug|x64.Build.0 = Debug|Any CPU
		{4F537A43-6E83-4FC6-87F2-4D1C4FBACB67}.Debug|x86.ActiveCfg = Debug|Any CPU
		{4F537A43-6E83-4FC6-87F2-4D1C4FBACB67}.Debug|x86.Build.0 = Debug|Any CPU
		{4F537A43-6E83-4FC6-87F2-4D1C4FBACB67}.Release|Any CPU.ActiveCfg = Release|Any CPU
		{4F537A43-6E83-4FC6-87F2-4D1C4FBACB67}.Release|Any CPU.Build.0 = Release|Any CPU
		{4F537A43-6E83-4FC6-87F2-4D1C4FBACB67}.Release|x64.ActiveCfg = Release|Any CPU
		{4F537A43-6E83-4FC6-87F2-4D1C4FBACB67}.Release|x64.Build.0 = Release|Any CPU
		{4F537A43-6E83-4FC6-87F2-4D1C4FBACB67}.Release|x86.ActiveCfg = Release|Any CPU
		{4F537A43-6E83-4FC6-87F2-4D1C4FBACB67}.Release|x86.Build.0 = Release|Any CPU
		{A3D8E48F-097E-43C0-A202-FBDDCEEFB393}.Debug|Any CPU.ActiveCfg = Debug|Any CPU
		{A3D8E48F-097E-43C0-A202-FBDDCEEFB393}.Debug|Any CPU.Build.0 = Debug|Any CPU
		{A3D8E48F-097E-43C0-A202-FBDDCEEFB393}.Debug|x64.ActiveCfg = Debug|Any CPU
		{A3D8E48F-097E-43C0-A202-FBDDCEEFB393}.Debug|x64.Build.0 = Debug|Any CPU
		{A3D8E48F-097E-43C0-A202-FBDDCEEFB393}.Debug|x86.ActiveCfg = Debug|Any CPU
		{A3D8E48F-097E-43C0-A202-FBDDCEEFB393}.Debug|x86.Build.0 = Debug|Any CPU
		{A3D8E48F-097E-43C0-A202-FBDDCEEFB393}.Release|Any CPU.ActiveCfg = Release|Any CPU
		{A3D8E48F-097E-43C0-A202-FBDDCEEFB393}.Release|Any CPU.Build.0 = Release|Any CPU
		{A3D8E48F-097E-43C0-A202-FBDDCEEFB393}.Release|x64.ActiveCfg = Release|Any CPU
		{A3D8E48F-097E-43C0-A202-FBDDCEEFB393}.Release|x64.Build.0 = Release|Any CPU
		{A3D8E48F-097E-43C0-A202-FBDDCEEFB393}.Release|x86.ActiveCfg = Release|Any CPU
		{A3D8E48F-097E-43C0-A202-FBDDCEEFB393}.Release|x86.Build.0 = Release|Any CPU
		{B36319C7-35F3-4D70-8EA9-3E9FACBBD271}.Debug|Any CPU.ActiveCfg = Debug|Any CPU
		{B36319C7-35F3-4D70-8EA9-3E9FACBBD271}.Debug|Any CPU.Build.0 = Debug|Any CPU
		{B36319C7-35F3-4D70-8EA9-3E9FACBBD271}.Debug|x64.ActiveCfg = Debug|Any CPU
		{B36319C7-35F3-4D70-8EA9-3E9FACBBD271}.Debug|x64.Build.0 = Debug|Any CPU
		{B36319C7-35F3-4D70-8EA9-3E9FACBBD271}.Debug|x86.ActiveCfg = Debug|Any CPU
		{B36319C7-35F3-4D70-8EA9-3E9FACBBD271}.Debug|x86.Build.0 = Debug|Any CPU
		{B36319C7-35F3-4D70-8EA9-3E9FACBBD271}.Release|Any CPU.ActiveCfg = Release|Any CPU
		{B36319C7-35F3-4D70-8EA9-3E9FACBBD271}.Release|Any CPU.Build.0 = Release|Any CPU
		{B36319C7-35F3-4D70-8EA9-3E9FACBBD271}.Release|x64.ActiveCfg = Release|Any CPU
		{B36319C7-35F3-4D70-8EA9-3E9FACBBD271}.Release|x64.Build.0 = Release|Any CPU
		{B36319C7-35F3-4D70-8EA9-3E9FACBBD271}.Release|x86.ActiveCfg = Release|Any CPU
		{B36319C7-35F3-4D70-8EA9-3E9FACBBD271}.Release|x86.Build.0 = Release|Any CPU
		{170483DC-1690-423C-9782-5D6BBAF3AABC}.Debug|Any CPU.ActiveCfg = Debug|Any CPU
		{170483DC-1690-423C-9782-5D6BBAF3AABC}.Debug|Any CPU.Build.0 = Debug|Any CPU
		{170483DC-1690-423C-9782-5D6BBAF3AABC}.Debug|x64.ActiveCfg = Debug|Any CPU
		{170483DC-1690-423C-9782-5D6BBAF3AABC}.Debug|x64.Build.0 = Debug|Any CPU
		{170483DC-1690-423C-9782-5D6BBAF3AABC}.Debug|x86.ActiveCfg = Debug|Any CPU
		{170483DC-1690-423C-9782-5D6BBAF3AABC}.Debug|x86.Build.0 = Debug|Any CPU
		{170483DC-1690-423C-9782-5D6BBAF3AABC}.Release|Any CPU.ActiveCfg = Release|Any CPU
		{170483DC-1690-423C-9782-5D6BBAF3AABC}.Release|Any CPU.Build.0 = Release|Any CPU
		{170483DC-1690-423C-9782-5D6BBAF3AABC}.Release|x64.ActiveCfg = Release|Any CPU
		{170483DC-1690-423C-9782-5D6BBAF3AABC}.Release|x64.Build.0 = Release|Any CPU
		{170483DC-1690-423C-9782-5D6BBAF3AABC}.Release|x86.ActiveCfg = Release|Any CPU
		{170483DC-1690-423C-9782-5D6BBAF3AABC}.Release|x86.Build.0 = Release|Any CPU
		{8C69C597-4883-47EE-8A54-90CE81CF087F}.Debug|Any CPU.ActiveCfg = Debug|Any CPU
		{8C69C597-4883-47EE-8A54-90CE81CF087F}.Debug|Any CPU.Build.0 = Debug|Any CPU
		{8C69C597-4883-47EE-8A54-90CE81CF087F}.Debug|x64.ActiveCfg = Debug|Any CPU
		{8C69C597-4883-47EE-8A54-90CE81CF087F}.Debug|x64.Build.0 = Debug|Any CPU
		{8C69C597-4883-47EE-8A54-90CE81CF087F}.Debug|x86.ActiveCfg = Debug|Any CPU
		{8C69C597-4883-47EE-8A54-90CE81CF087F}.Debug|x86.Build.0 = Debug|Any CPU
		{8C69C597-4883-47EE-8A54-90CE81CF087F}.Release|Any CPU.ActiveCfg = Release|Any CPU
		{8C69C597-4883-47EE-8A54-90CE81CF087F}.Release|Any CPU.Build.0 = Release|Any CPU
		{8C69C597-4883-47EE-8A54-90CE81CF087F}.Release|x64.ActiveCfg = Release|Any CPU
		{8C69C597-4883-47EE-8A54-90CE81CF087F}.Release|x64.Build.0 = Release|Any CPU
		{8C69C597-4883-47EE-8A54-90CE81CF087F}.Release|x86.ActiveCfg = Release|Any CPU
		{8C69C597-4883-47EE-8A54-90CE81CF087F}.Release|x86.Build.0 = Release|Any CPU
		{220C3EB9-DA04-41FC-8778-488BD279BFEF}.Debug|Any CPU.ActiveCfg = Debug|Any CPU
		{220C3EB9-DA04-41FC-8778-488BD279BFEF}.Debug|Any CPU.Build.0 = Debug|Any CPU
		{220C3EB9-DA04-41FC-8778-488BD279BFEF}.Debug|x64.ActiveCfg = Debug|Any CPU
		{220C3EB9-DA04-41FC-8778-488BD279BFEF}.Debug|x64.Build.0 = Debug|Any CPU
		{220C3EB9-DA04-41FC-8778-488BD279BFEF}.Debug|x86.ActiveCfg = Debug|Any CPU
		{220C3EB9-DA04-41FC-8778-488BD279BFEF}.Debug|x86.Build.0 = Debug|Any CPU
		{220C3EB9-DA04-41FC-8778-488BD279BFEF}.Release|Any CPU.ActiveCfg = Release|Any CPU
		{220C3EB9-DA04-41FC-8778-488BD279BFEF}.Release|Any CPU.Build.0 = Release|Any CPU
		{220C3EB9-DA04-41FC-8778-488BD279BFEF}.Release|x64.ActiveCfg = Release|Any CPU
		{220C3EB9-DA04-41FC-8778-488BD279BFEF}.Release|x64.Build.0 = Release|Any CPU
		{220C3EB9-DA04-41FC-8778-488BD279BFEF}.Release|x86.ActiveCfg = Release|Any CPU
		{220C3EB9-DA04-41FC-8778-488BD279BFEF}.Release|x86.Build.0 = Release|Any CPU
	EndGlobalSection
	GlobalSection(SolutionProperties) = preSolution
		HideSolutionNode = FALSE
	EndGlobalSection
	GlobalSection(NestedProjects) = preSolution
		{170483DC-1690-423C-9782-5D6BBAF3AABC} = {76B7C719-4D40-4F76-B43A-8812F2F9F90E}
		{8C69C597-4883-47EE-8A54-90CE81CF087F} = {76B7C719-4D40-4F76-B43A-8812F2F9F90E}
	EndGlobalSection
	GlobalSection(ExtensibilityGlobals) = postSolution
		SolutionGuid = {DC58B5A7-639C-46C7-803F-6F4F52885B1D}
	EndGlobalSection
EndGlobal
